{
  "nodes": {
    "astronvim": {
      "flake": false,
      "locked": {
        "lastModified": 1712081095,
        "narHash": "sha256-2SRfkcTqxiYP4tGj4dOVWwQYll8nMOQP0K8b85gUwHw=",
        "owner": "AstroNvim",
        "repo": "AstroNvim",
        "rev": "ce7cad66837c076052b8293787454bf5a43b448e",
        "type": "github"
      },
      "original": {
        "owner": "AstroNvim",
        "ref": "v4.1.3",
        "repo": "AstroNvim",
        "type": "github"
      }
    },
    "home-manager": {
      "inputs": {
        "nixpkgs": [
          "nixpkgs"
        ]
      },
      "locked": {
        "lastModified": 1711625603,
        "narHash": "sha256-W+9dfqA9bqUIBV5u7jaIARAzMe3kTq/Hp2SpSVXKRQw=",
        "owner": "nix-community",
        "repo": "home-manager",
        "rev": "c0ef0dab55611c676ad7539bf4e41b3ec6fa87d2",
        "type": "github"
      },
      "original": {
        "owner": "nix-community",
        "repo": "home-manager",
        "type": "github"
      }
    },
    "nixpkgs": {
      "locked": {
        "lastModified": 1711703276,
        "narHash": "sha256-iMUFArF0WCatKK6RzfUJknjem0H9m4KgorO/p3Dopkk=",
        "owner": "nixos",
        "repo": "nixpkgs",
        "rev": "d8fe5e6c92d0d190646fb9f1056741a229980089",
        "type": "github"
      },
      "original": {
        "owner": "nixos",
        "ref": "nixos-unstable",
        "repo": "nixpkgs",
        "type": "github"
      }
    },
    "root": {
      "inputs": {
        "astronvim": "astronvim",
        "home-manager": "home-manager",
        "nixpkgs": "nixpkgs"
      }
    }
  },
  "root": "root",
  "version": 7
}
